{
  "lockfileVersion": 1,
  "workspaces": {
    "": {
      "name": "agent-browser",
    },
    "extension": {
      "name": "agent-browser-extension",
      "version": "0.1.0",
      "dependencies": {
        "@mediapipe/tasks-genai": "^0.10.25",
        "immer": "^10.1.3",
        "rxjs": "^7.8.2",
      },
      "devDependencies": {
        "@types/chrome": "^0.0.268",
      },
    },
  },
  "packages": {
    "@mediapipe/tasks-genai": ["@mediapipe/tasks-genai@0.10.25", "", {}, "sha512-/ce/qNTC/CzzPJ5QRBz4MIoaYD+L65wkeE38ysb7saAZd38RZgzzVp1ZoLVFe/52LC3Ly/h2qcZWmkQf5PSJag=="],

    "@types/chrome": ["@types/chrome@0.0.268", "", { "dependencies": { "@types/filesystem": "*", "@types/har-format": "*" } }, "sha512-7N1QH9buudSJ7sI8Pe4mBHJr5oZ48s0hcanI9w3wgijAlv1OZNUZve9JR4x42dn5lJ5Sm87V1JNfnoh10EnQlA=="],

    "@types/filesystem": ["@types/filesystem@0.0.36", "", { "dependencies": { "@types/filewriter": "*" } }, "sha512-vPDXOZuannb9FZdxgHnqSwAG/jvdGM8Wq+6N4D/d80z+D4HWH+bItqsZaVRQykAn6WEVeEkLm2oQigyHtgb0RA=="],

    "@types/filewriter": ["@types/filewriter@0.0.33", "", {}, "sha512-xFU8ZXTw4gd358lb2jw25nxY9QAgqn2+bKKjKOYfNCzN4DKCFetK7sPtrlpg66Ywe3vWY9FNxprZawAh9wfJ3g=="],

    "@types/har-format": ["@types/har-format@1.2.16", "", {}, "sha512-fluxdy7ryD3MV6h8pTfTYpy/xQzCFC7m89nOH9y94cNqJ1mDIDPut7MnRHI3F6qRmh/cT2fUjG1MLdCNb4hE9A=="],

    "agent-browser-extension": ["agent-browser-extension@workspace:extension"],

    "immer": ["immer@10.1.3", "", {}, "sha512-tmjF/k8QDKydUlm3mZU+tjM6zeq9/fFpPqH9SzWmBnVVKsPBg/V66qsMwb3/Bo90cgUN+ghdVBess+hPsxUyRw=="],

    "rxjs": ["rxjs@7.8.2", "", { "dependencies": { "tslib": "^2.1.0" } }, "sha512-dhKf903U/PQZY6boNNtAGdWbG85WAbjT/1xYoZIC7FAY0yWapOBQVsVrDl58W86//e1VpMNBtRV4MaXfdMySFA=="],

    "tslib": ["tslib@2.8.1", "", {}, "sha512-oJFu94HQb+KVduSUQL7wnpmqnfmLsOA/nAh6b6EH0wCEoK0/mPeXU6c3wKDV83MkOuHPRHtSXKKU99IBazS/2w=="],
  }
}
