{
  "lockfileVersion": 1,
  "workspaces": {
    "": {
      "name": "agent-browser-passkey-test",
      "dependencies": {
        "@simplewebauthn/server": "^11.0.0",
      },
      "devDependencies": {
        "@types/bun": "latest",
      },
    },
  },
  "packages": {
    "@hexagon/base64": ["@hexagon/base64@1.1.28", "", {}, "sha512-lhqDEAvWixy3bZ+UOYbPwUbBkwBq5C1LAJ/xPC8Oi+lL54oyakv/npbA0aU2hgCsx/1NUd4IBvV03+aUBWxerw=="],

    "@levischuck/tiny-cbor": ["@levischuck/tiny-cbor@0.2.11", "", {}, "sha512-llBRm4dT4Z89aRsm6u2oEZ8tfwL/2l6BwpZ7JcyieouniDECM5AqNgr/y08zalEIvW3RSK4upYyybDcmjXqAow=="],

    "@peculiar/asn1-android": ["@peculiar/asn1-android@2.5.0", "", { "dependencies": { "@peculiar/asn1-schema": "^2.5.0", "asn1js": "^3.0.6", "tslib": "^2.8.1" } }, "sha512-t8A83hgghWQkcneRsgGs2ebAlRe54ns88p7ouv8PW2tzF1nAW4yHcL4uZKrFpIU+uszIRzTkcCuie37gpkId0A=="],

    "@peculiar/asn1-ecc": ["@peculiar/asn1-ecc@2.5.0", "", { "dependencies": { "@peculiar/asn1-schema": "^2.5.0", "@peculiar/asn1-x509": "^2.5.0", "asn1js": "^3.0.6", "tslib": "^2.8.1" } }, "sha512-t4eYGNhXtLRxaP50h3sfO6aJebUCDGQACoeexcelL4roMFRRVgB20yBIu2LxsPh/tdW9I282gNgMOyg3ywg/mg=="],

    "@peculiar/asn1-rsa": ["@peculiar/asn1-rsa@2.5.0", "", { "dependencies": { "@peculiar/asn1-schema": "^2.5.0", "@peculiar/asn1-x509": "^2.5.0", "asn1js": "^3.0.6", "tslib": "^2.8.1" } }, "sha512-qMZ/vweiTHy9syrkkqWFvbT3eLoedvamcUdnnvwyyUNv5FgFXA3KP8td+ATibnlZ0EANW5PYRm8E6MJzEB/72Q=="],

    "@peculiar/asn1-schema": ["@peculiar/asn1-schema@2.5.0", "", { "dependencies": { "asn1js": "^3.0.6", "pvtsutils": "^1.3.6", "tslib": "^2.8.1" } }, "sha512-YM/nFfskFJSlHqv59ed6dZlLZqtZQwjRVJ4bBAiWV08Oc+1rSd5lDZcBEx0lGDHfSoH3UziI2pXt2UM33KerPQ=="],

    "@peculiar/asn1-x509": ["@peculiar/asn1-x509@2.5.0", "", { "dependencies": { "@peculiar/asn1-schema": "^2.5.0", "asn1js": "^3.0.6", "pvtsutils": "^1.3.6", "tslib": "^2.8.1" } }, "sha512-CpwtMCTJvfvYTFMuiME5IH+8qmDe3yEWzKHe7OOADbGfq7ohxeLaXwQo0q4du3qs0AII3UbLCvb9NF/6q0oTKQ=="],

    "@simplewebauthn/server": ["@simplewebauthn/server@11.0.0", "", { "dependencies": { "@hexagon/base64": "^1.1.27", "@levischuck/tiny-cbor": "^0.2.2", "@peculiar/asn1-android": "^2.3.10", "@peculiar/asn1-ecc": "^2.3.8", "@peculiar/asn1-rsa": "^2.3.8", "@peculiar/asn1-schema": "^2.3.8", "@peculiar/asn1-x509": "^2.3.8", "@simplewebauthn/types": "^11.0.0", "cross-fetch": "^4.0.0" } }, "sha512-zu8dxKcPiRUNSN2kmrnNOzNbRI8VaR/rL4ENCHUfC6PEE7SAAdIql9g5GBOd/wOVZolIsaZz3ccFxuGoVP0iaw=="],

    "@simplewebauthn/types": ["@simplewebauthn/types@11.0.0", "", {}, "sha512-b2o0wC5u2rWts31dTgBkAtSNKGX0cvL6h8QedNsKmj8O4QoLFQFR3DBVBUlpyVEhYKA+mXGUaXbcOc4JdQ3HzA=="],

    "@types/bun": ["@types/bun@1.2.23", "", { "dependencies": { "bun-types": "1.2.23" } }, "sha512-le8ueOY5b6VKYf19xT3McVbXqLqmxzPXHsQT/q9JHgikJ2X22wyTW3g3ohz2ZMnp7dod6aduIiq8A14Xyimm0A=="],

    "@types/node": ["@types/node@24.7.0", "", { "dependencies": { "undici-types": "~7.14.0" } }, "sha512-IbKooQVqUBrlzWTi79E8Fw78l8k1RNtlDDNWsFZs7XonuQSJ8oNYfEeclhprUldXISRMLzBpILuKgPlIxm+/Yw=="],

    "@types/react": ["@types/react@19.2.2", "", { "dependencies": { "csstype": "^3.0.2" } }, "sha512-6mDvHUFSjyT2B2yeNx2nUgMxh9LtOWvkhIU3uePn2I2oyNymUAX1NIsdgviM4CH+JSrp2D2hsMvJOkxY+0wNRA=="],

    "asn1js": ["asn1js@3.0.6", "", { "dependencies": { "pvtsutils": "^1.3.6", "pvutils": "^1.1.3", "tslib": "^2.8.1" } }, "sha512-UOCGPYbl0tv8+006qks/dTgV9ajs97X2p0FAbyS2iyCRrmLSRolDaHdp+v/CLgnzHc3fVB+CwYiUmei7ndFcgA=="],

    "bun-types": ["bun-types@1.2.23", "", { "dependencies": { "@types/node": "*" }, "peerDependencies": { "@types/react": "^19" } }, "sha512-R9f0hKAZXgFU3mlrA0YpE/fiDvwV0FT9rORApt2aQVWSuJDzZOyB5QLc0N/4HF57CS8IXJ6+L5E4W1bW6NS2Aw=="],

    "cross-fetch": ["cross-fetch@4.1.0", "", { "dependencies": { "node-fetch": "^2.7.0" } }, "sha512-uKm5PU+MHTootlWEY+mZ4vvXoCn4fLQxT9dSc1sXVMSFkINTJVN8cAQROpwcKm8bJ/c7rgZVIBWzH5T78sNZZw=="],

    "csstype": ["csstype@3.1.3", "", {}, "sha512-M1uQkMl8rQK/szD0LNhtqxIPLpimGm8sOBwU7lLnCpSbTyY3yeU1Vc7l4KT5zT4s/yOxHH5O7tIuuLOCnLADRw=="],

    "node-fetch": ["node-fetch@2.7.0", "", { "dependencies": { "whatwg-url": "^5.0.0" }, "peerDependencies": { "encoding": "^0.1.0" }, "optionalPeers": ["encoding"] }, "sha512-c4FRfUm/dbcWZ7U+1Wq0AwCyFL+3nt2bEw05wfxSz+DWpWsitgmSgYmy2dQdWyKC1694ELPqMs/YzUSNozLt8A=="],

    "pvtsutils": ["pvtsutils@1.3.6", "", { "dependencies": { "tslib": "^2.8.1" } }, "sha512-PLgQXQ6H2FWCaeRak8vvk1GW462lMxB5s3Jm673N82zI4vqtVUPuZdffdZbPDFRoU8kAhItWFtPCWiPpp4/EDg=="],

    "pvutils": ["pvutils@1.1.3", "", {}, "sha512-pMpnA0qRdFp32b1sJl1wOJNxZLQ2cbQx+k6tjNtZ8CpvVhNqEPRgivZ2WOUev2YMajecdH7ctUPDvEe87nariQ=="],

    "tr46": ["tr46@0.0.3", "", {}, "sha512-N3WMsuqV66lT30CrXNbEjx4GEwlow3v6rr4mCcv6prnfwhS01rkgyFdjPNBYd9br7LpXV1+Emh01fHnq2Gdgrw=="],

    "tslib": ["tslib@2.8.1", "", {}, "sha512-oJFu94HQb+KVduSUQL7wnpmqnfmLsOA/nAh6b6EH0wCEoK0/mPeXU6c3wKDV83MkOuHPRHtSXKKU99IBazS/2w=="],

    "undici-types": ["undici-types@7.14.0", "", {}, "sha512-QQiYxHuyZ9gQUIrmPo3IA+hUl4KYk8uSA7cHrcKd/l3p1OTpZcM0Tbp9x7FAtXdAYhlasd60ncPpgu6ihG6TOA=="],

    "webidl-conversions": ["webidl-conversions@3.0.1", "", {}, "sha512-2JAn3z8AR6rjK8Sm8orRC0h/bcl/DqL7tRPdGZ4I1CjdF+EaMLmYxBHyXuKL849eucPFhvBoxMsflfOb8kxaeQ=="],

    "whatwg-url": ["whatwg-url@5.0.0", "", { "dependencies": { "tr46": "~0.0.3", "webidl-conversions": "^3.0.0" } }, "sha512-saE57nupxk6v3HY35+jzBwYa0rKSy0XR8JSxZPwgLr7ys0IBzhGviA1/TUGJLmSVqs8pb9AnvICXEuOHLprYTw=="],
  }
}
